
Microsoft Visual Studio Solution File, Format Version 12.00
# Visual Studio Version 17
VisualStudioVersion = 17.5.33530.505
MinimumVisualStudioVersion = 10.0.40219.1
Project("{FAE04EC0-301F-11D3-BF4B-00C04F79EFBC}") = "To_Do_List", "To_Do\To_Do_List.csproj", "{C619BBC8-9A37-4792-A308-33658B07AE34}"
EndProject
Global
	GlobalSection(SolutionConfigurationPlatforms) = preSolution
		Debug|Any CPU = Debug|Any CPU
		Release|Any CPU = Release|Any CPU
	EndGlobalSection
	GlobalSection(ProjectConfigurationPlatforms) = postSolution
		{C619BBC8-9A37-4792-A308-33658B07AE34}.Debug|Any CPU.ActiveCfg = Debug|Any CPU
		{C619BBC8-9A37-4792-A308-33658B07AE34}.Debug|Any CPU.Build.0 = Debug|Any CPU
		{C619BBC8-9A37-4792-A308-33658B07AE34}.Release|Any CPU.ActiveCfg = Release|Any CPU
		{C619BBC8-9A37-4792-A308-33658B07AE34}.Release|Any CPU.Build.0 = Release|Any CPU
	EndGlobalSection
	GlobalSection(SolutionProperties) = preSolution
		HideSolutionNode = FALSE
	EndGlobalSection
	GlobalSection(ExtensibilityGlobals) = postSolution
		SolutionGuid = {77E4DC00-5FB7-48E7-9094-CE75F9F88E9E}
	EndGlobalSection
EndGlobal
